// !$*UTF8*$!
{
	archiveVersion = 1;
	classes = {
	};
	objectVersion = 50;
	objects = {

/* Begin PBXBuildFile section */
		30B6EA6F22EA5A9F00443E46 /* AppDelegate.swift in Sources */ = {isa = PBXBuildFile; fileRef = 30B6EA6E22EA5A9F00443E46 /* AppDelegate.swift */; };
		30B6EA7122EA5A9F00443E46 /* MasterViewController.swift in Sources */ = {isa = PBXBuildFile; fileRef = 30B6EA7022EA5A9F00443E46 /* MasterViewController.swift */; };
		30B6EA7322EA5A9F00443E46 /* DetailViewController.swift in Sources */ = {isa = PBXBuildFile; fileRef = 30B6EA7222EA5A9F00443E46 /* DetailViewController.swift */; };
		30B6EA7622EA5A9F00443E46 /* Main.storyboard in Resources */ = {isa = PBXBuildFile; fileRef = 30B6EA7422EA5A9F00443E46 /* Main.storyboard */; };
		30B6EA7822EA5AA100443E46 /* Assets.xcassets in Resources */ = {isa = PBXBuildFile; fileRef = 30B6EA7722EA5AA100443E46 /* Assets.xcassets */; };
		30B6EA7B22EA5AA100443E46 /* LaunchScreen.storyboard in Resources */ = {isa = PBXBuildFile; fileRef = 30B6EA7922EA5AA100443E46 /* LaunchScreen.storyboard */; };
/* End PBXBuildFile section */

/* Begin PBXFileReference section */
		30B6EA6B22EA5A9F00443E46 /* Cactus.app */ = {isa = PBXFileReference; explicitFileType = wrapper.application; includeInIndex = 0; path = Cactus.app; sourceTree = BUILT_PRODUCTS_DIR; };
		30B6EA6E22EA5A9F00443E46 /* AppDelegate.swift */ = {isa = PBXFileReference; lastKnownFileType = sourcecode.swift; path = AppDelegate.swift; sourceTree = "<group>"; };
		30B6EA7022EA5A9F00443E46 /* MasterViewController.swift */ = {isa = PBXFileReference; lastKnownFileType = sourcecode.swift; path = MasterViewController.swift; sourceTree = "<group>"; };
		30B6EA7222EA5A9F00443E46 /* DetailViewController.swift */ = {isa = PBXFileReference; lastKnownFileType = sourcecode.swift; path = DetailViewController.swift; sourceTree = "<group>"; };
		30B6EA7522EA5A9F00443E46 /* Base */ = {isa = PBXFileReference; lastKnownFileType = file.storyboard; name = Base; path = Base.lproj/Main.storyboard; sourceTree = "<group>"; };
		30B6EA7722EA5AA100443E46 /* Assets.xcassets */ = {isa = PBXFileReference; lastKnownFileType = folder.assetcatalog; path = Assets.xcassets; sourceTree = "<group>"; };
		30B6EA7A22EA5AA100443E46 /* Base */ = {isa = PBXFileReference; lastKnownFileType = file.storyboard; name = Base; path = Base.lproj/LaunchScreen.storyboard; sourceTree = "<group>"; };
		30B6EA7C22EA5AA100443E46 /* Info.plist */ = {isa = PBXFileReference; lastKnownFileType = text.plist.xml; path = Info.plist; sourceTree = "<group>"; };
/* End PBXFileReference section */

/* Begin PBXFrameworksBuildPhase section */
		30B6EA6822EA5A9F00443E46 /* Frameworks */ = {
			isa = PBXFrameworksBuildPhase;
			buildActionMask = 2147483647;
			files = (
			);
			runOnlyForDeploymentPostprocessing = 0;
		};
/* End PBXFrameworksBuildPhase section */

/* Begin PBXGroup section */
		30B6EA6222EA5A9F00443E46 = {
			isa = PBXGroup;
			children = (
				30B6EA6D22EA5A9F00443E46 /* Cactus */,
				30B6EA6C22EA5A9F00443E46 /* Products */,
			);
			sourceTree = "<group>";
		};
		30B6EA6C22EA5A9F00443E46 /* Products */ = {
			isa = PBXGroup;
			children = (
				30B6EA6B22EA5A9F00443E46 /* Cactus.app */,
			);
			name = Products;
			sourceTree = "<group>";
		};
		30B6EA6D22EA5A9F00443E46 /* Cactus */ = {
			isa = PBXGroup;
			children = (
				30B6EA6E22EA5A9F00443E46 /* AppDelegate.swift */,
				30B6EA7022EA5A9F00443E46 /* MasterViewController.swift */,
				30B6EA7222EA5A9F00443E46 /* DetailViewController.swift */,
				30B6EA7422EA5A9F00443E46 /* Main.storyboard */,
				30B6EA7722EA5AA100443E46 /* Assets.xcassets */,
				30B6EA7922EA5AA100443E46 /* LaunchScreen.storyboard */,
				30B6EA7C22EA5AA100443E46 /* Info.plist */,
			);
			path = Cactus;
			sourceTree = "<group>";
		};
/* End PBXGroup section */

/* Begin PBXNativeTarget section */
		30B6EA6A22EA5A9F00443E46 /* Cactus */ = {
			isa = PBXNativeTarget;
			buildConfigurationList = 30B6EA7F22EA5AA100443E46 /* Build configuration list for PBXNativeTarget "Cactus" */;
			buildPhases = (
				30B6EA6722EA5A9F00443E46 /* Sources */,
				30B6EA6822EA5A9F00443E46 /* Frameworks */,
				30B6EA6922EA5A9F00443E46 /* Resources */,
			);
			buildRules = (
			);
			dependencies = (
			);
			name = Cactus;
			productName = Cactus;
			productReference = 30B6EA6B22EA5A9F00443E46 /* Cactus.app */;
			productType = "com.apple.product-type.application";
		};
/* End PBXNativeTarget section */

/* Begin PBXProject section */
		30B6EA6322EA5A9F00443E46 /* Project object */ = {
			isa = PBXProject;
			attributes = {
				LastSwiftUpdateCheck = 1030;
				LastUpgradeCheck = 1030;
				ORGANIZATIONNAME = Cactus;
				TargetAttributes = {
					30B6EA6A22EA5A9F00443E46 = {
						CreatedOnToolsVersion = 10.3;
					};
				};
			};
			buildConfigurationList = 30B6EA6622EA5A9F00443E46 /* Build configuration list for PBXProject "Cactus" */;
			compatibilityVersion = "Xcode 9.3";
			developmentRegion = en;
			hasScannedForEncodings = 0;
			knownRegions = (
				en,
				Base,
			);
			mainGroup = 30B6EA6222EA5A9F00443E46;
			productRefGroup = 30B6EA6C22EA5A9F00443E46 /* Products */;
			projectDirPath = "";
			projectRoot = "";
			targets = (
				30B6EA6A22EA5A9F00443E46 /* Cactus */,
			);
		};
/* End PBXProject section */

/* Begin PBXResourcesBuildPhase section */
		30B6EA6922EA5A9F00443E46 /* Resources */ = {
			isa = PBXResourcesBuildPhase;
			buildActionMask = 2147483647;
			files = (
				30B6EA7B22EA5AA100443E46 /* LaunchScreen.storyboard in Resources */,
				30B6EA7822EA5AA100443E46 /* Assets.xcassets in Resources */,
				30B6EA7622EA5A9F00443E46 /* Main.storyboard in Resources */,
			);
			runOnlyForDeploymentPostprocessing = 0;
		};
/* End PBXResourcesBuildPhase section */

/* Begin PBXSourcesBuildPhase section */
		30B6EA6722EA5A9F00443E46 /* Sources */ = {
			isa = PBXSourcesBuildPhase;
			buildActionMask = 2147483647;
			files = (
				30B6EA7322EA5A9F00443E46 /* DetailViewController.swift in Sources */,
				30B6EA7122EA5A9F00443E46 /* MasterViewController.swift in Sources */,
				30B6EA6F22EA5A9F00443E46 /* AppDelegate.swift in Sources */,
			);
			runOnlyForDeploymentPostprocessing = 0;
		};
/* End PBXSourcesBuildPhase section */

/* Begin PBXVariantGroup section */
		30B6EA7422EA5A9F00443E46 /* Main.storyboard */ = {
			isa = PBXVariantGroup;
			children = (
				30B6EA7522EA5A9F00443E46 /* Base */,
			);
			name = Main.storyboard;
			sourceTree = "<group>";
		};
		30B6EA7922EA5AA100443E46 /* LaunchScreen.storyboard */ = {
			isa = PBXVariantGroup;
			children = (
				30B6EA7A22EA5AA100443E46 /* Base */,
			);
			name = LaunchScreen.storyboard;
			sourceTree = "<group>";
		};
/* End PBXVariantGroup section */

/* Begin XCBuildConfiguration section */
		30B6EA7D22EA5AA100443E46 /* Debug */ = {
			isa = XCBuildConfiguration;
			buildSettings = {
				ALWAYS_SEARCH_USER_PATHS = NO;
				CLANG_ANALYZER_NONNULL = YES;
				CLANG_ANALYZER_NUMBER_OBJECT_CONVERSION = YES_AGGRESSIVE;
				CLANG_CXX_LANGUAGE_STANDARD = "gnu++14";
				CLANG_CXX_LIBRARY = "libc++";
				CLANG_ENABLE_MODULES = YES;
				CLANG_ENABLE_OBJC_ARC = YES;
				CLANG_ENABLE_OBJC_WEAK = YES;
				CLANG_WARN_BLOCK_CAPTURE_AUTORELEASING = YES;
				CLANG_WARN_BOOL_CONVERSION = YES;
				CLANG_WARN_COMMA = YES;
				CLANG_WARN_CONSTANT_CONVERSION = YES;
				CLANG_WARN_DEPRECATED_OBJC_IMPLEMENTATIONS = YES;
				CLANG_WARN_DIRECT_OBJC_ISA_USAGE = YES_ERROR;
				CLANG_WARN_DOCUMENTATION_COMMENTS = YES;
				CLANG_WARN_EMPTY_BODY = YES;
				CLANG_WARN_ENUM_CONVERSION = YES;
				CLANG_WARN_INFINITE_RECURSION = YES;
				CLANG_WARN_INT_CONVERSION = YES;
				CLANG_WARN_NON_LITERAL_NULL_CONVERSION = YES;
				CLANG_WARN_OBJC_IMPLICIT_RETAIN_SELF = YES;
				CLANG_WARN_OBJC_LITERAL_CONVERSION = YES;
				CLANG_WARN_OBJC_ROOT_CLASS = YES_ERROR;
				CLANG_WARN_RANGE_LOOP_ANALYSIS = YES;
				CLANG_WARN_STRICT_PROTOTYPES = YES;
				CLANG_WARN_SUSPICIOUS_MOVE = YES;
				CLANG_WARN_UNGUARDED_AVAILABILITY = YES_AGGRESSIVE;
				CLANG_WARN_UNREACHABLE_CODE = YES;
				CLANG_WARN__DUPLICATE_METHOD_MATCH = YES;
				CODE_SIGN_IDENTITY = "iPhone Developer";
				COPY_PHASE_STRIP = NO;
				DEBUG_INFORMATION_FORMAT = dwarf;
				ENABLE_STRICT_OBJC_MSGSEND = YES;
				ENABLE_TESTABILITY = YES;
				GCC_C_LANGUAGE_STANDARD = gnu11;
				GCC_DYNAMIC_NO_PIC = NO;
				GCC_NO_COMMON_BLOCKS = YES;
				GCC_OPTIMIZATION_LEVEL = 0;
				GCC_PREPROCESSOR_DEFINITIONS = (
					"DEBUG=1",
					"$(inherited)",
				);
				GCC_WARN_64_TO_32_BIT_CONVERSION = YES;
				GCC_WARN_ABOUT_RETURN_TYPE = YES_ERROR;
				GCC_WARN_UNDECLARED_SELECTOR = YES;
				GCC_WARN_UNINITIALIZED_AUTOS = YES_AGGRESSIVE;
				GCC_WARN_UNUSED_FUNCTION = YES;
				GCC_WARN_UNUSED_VARIABLE = YES;
				IPHONEOS_DEPLOYMENT_TARGET = 12.4;
				MTL_ENABLE_DEBUG_INFO = INCLUDE_SOURCE;
				MTL_FAST_MATH = YES;
				ONLY_ACTIVE_ARCH = YES;
				SDKROOT = iphoneos;
				SWIFT_ACTIVE_COMPILATION_CONDITIONS = DEBUG;
				SWIFT_OPTIMIZATION_LEVEL = "-Onone";
			};
			name = Debug;
		};
		30B6EA7E22EA5AA100443E46 /* Release */ = {
			isa = XCBuildConfiguration;
			buildSettings = {
				ALWAYS_SEARCH_USER_PATHS = NO;
				CLANG_ANALYZER_NONNULL = YES;
				CLANG_ANALYZER_NUMBER_OBJECT_CONVERSION = YES_AGGRESSIVE;
				CLANG_CXX_LANGUAGE_STANDARD = "gnu++14";
				CLANG_CXX_LIBRARY = "libc++";
				CLANG_ENABLE_MODULES = YES;
				CLANG_ENABLE_OBJC_ARC = YES;
				CLANG_ENABLE_OBJC_WEAK = YES;
				CLANG_WARN_BLOCK_CAPTURE_AUTORELEASING = YES;
				CLANG_WARN_BOOL_CONVERSION = YES;
				CLANG_WARN_COMMA = YES;
				CLANG_WARN_CONSTANT_CONVERSION = YES;
				CLANG_WARN_DEPRECATED_OBJC_IMPLEMENTATIONS = YES;
				CLANG_WARN_DIRECT_OBJC_ISA_USAGE = YES_ERROR;
				CLANG_WARN_DOCUMENTATION_COMMENTS = YES;
				CLANG_WARN_EMPTY_BODY = YES;
				CLANG_WARN_ENUM_CONVERSION = YES;
				CLANG_WARN_INFINITE_RECURSION = YES;
				CLANG_WARN_INT_CONVERSION = YES;
				CLANG_WARN_NON_LITERAL_NULL_CONVERSION = YES;
				CLANG_WARN_OBJC_IMPLICIT_RETAIN_SELF = YES;
				CLANG_WARN_OBJC_LITERAL_CONVERSION = YES;
				CLANG_WARN_OBJC_ROOT_CLASS = YES_ERROR;
				CLANG_WARN_RANGE_LOOP_ANALYSIS = YES;
				CLANG_WARN_STRICT_PROTOTYPES = YES;
				CLANG_WARN_SUSPICIOUS_MOVE = YES;
				CLANG_WARN_UNGUARDED_AVAILABILITY = YES_AGGRESSIVE;
				CLANG_WARN_UNREACHABLE_CODE = YES;
				CLANG_WARN__DUPLICATE_METHOD_MATCH = YES;
				CODE_SIGN_IDENTITY = "iPhone Developer";
				COPY_PHASE_STRIP = NO;
				DEBUG_INFORMATION_FORMAT = "dwarf-with-dsym";
				ENABLE_NS_ASSERTIONS = NO;
				ENABLE_STRICT_OBJC_MSGSEND = YES;
				GCC_C_LANGUAGE_STANDARD = gnu11;
				GCC_NO_COMMON_BLOCKS = YES;
				GCC_WARN_64_TO_32_BIT_CONVERSION = YES;
				GCC_WARN_ABOUT_RETURN_TYPE = YES_ERROR;
				GCC_WARN_UNDECLARED_SELECTOR = YES;
				GCC_WARN_UNINITIALIZED_AUTOS = YES_AGGRESSIVE;
				GCC_WARN_UNUSED_FUNCTION = YES;
				GCC_WARN_UNUSED_VARIABLE = YES;
				IPHONEOS_DEPLOYMENT_TARGET = 12.4;
				MTL_ENABLE_DEBUG_INFO = NO;
				MTL_FAST_MATH = YES;
				SDKROOT = iphoneos;
				SWIFT_COMPILATION_MODE = wholemodule;
				SWIFT_OPTIMIZATION_LEVEL = "-O";
				VALIDATE_PRODUCT = YES;
			};
			name = Release;
		};
		30B6EA8022EA5AA100443E46 /* Debug */ = {
			isa = XCBuildConfiguration;
			buildSettings = {
				ASSETCATALOG_COMPILER_APPICON_NAME = AppIcon;
				CODE_SIGN_STYLE = Automatic;
				DEVELOPMENT_TEAM = 3ZKVS4B79Q;
				INFOPLIST_FILE = Cactus/Info.plist;
				LD_RUNPATH_SEARCH_PATHS = (
					"$(inherited)",
					"@executable_path/Frameworks",
				);
				PRODUCT_BUNDLE_IDENTIFIER = com.cactus.Cactus;
				PRODUCT_NAME = "$(TARGET_NAME)";
				SWIFT_VERSION = 5.0;
				TARGETED_DEVICE_FAMILY = "1,2";
			};
			name = Debug;
		};
		30B6EA8122EA5AA100443E46 /* Release */ = {
			isa = XCBuildConfiguration;
			buildSettings = {
				ASSETCATALOG_COMPILER_APPICON_NAME = AppIcon;
				CODE_SIGN_STYLE = Automatic;
				DEVELOPMENT_TEAM = 3ZKVS4B79Q;
				INFOPLIST_FILE = Cactus/Info.plist;
				LD_RUNPATH_SEARCH_PATHS = (
					"$(inherited)",
					"@executable_path/Frameworks",
				);
				PRODUCT_BUNDLE_IDENTIFIER = com.cactus.Cactus;
				PRODUCT_NAME = "$(TARGET_NAME)";
				SWIFT_VERSION = 5.0;
				TARGETED_DEVICE_FAMILY = "1,2";
			};
			name = Release;
		};
/* End XCBuildConfiguration section */

/* Begin XCConfigurationList section */
		30B6EA6622EA5A9F00443E46 /* Build configuration list for PBXProject "Cactus" */ = {
			isa = XCConfigurationList;
			buildConfigurations = (
				30B6EA7D22EA5AA100443E46 /* Debug */,
				30B6EA7E22EA5AA100443E46 /* Release */,
			);
			defaultConfigurationIsVisible = 0;
			defaultConfigurationName = Release;
		};
		30B6EA7F22EA5AA100443E46 /* Build configuration list for PBXNativeTarget "Cactus" */ = {
			isa = XCConfigurationList;
			buildConfigurations = (
				30B6EA8022EA5AA100443E46 /* Debug */,
				30B6EA8122EA5AA100443E46 /* Release */,
			);
			defaultConfigurationIsVisible = 0;
			defaultConfigurationName = Release;
		};
/* End XCConfigurationList section */
	};
	rootObject = 30B6EA6322EA5A9F00443E46 /* Project object */;
}
