{
  "object": {
    "pins": [
      {
        "package": "SwiftUIX",
        "repositoryURL": "https://github.com/SwiftUIX/SwiftUIX.git",
        "state": {
          "branch": "master",
          "revision": "fc7185ecb55681c51971533bea0ec54d4500466d",
          "version": null
        }
      }
    ]
  },
  "version": 1
}
