{
  "object": {
    "pins": [
      {
        "package": "SwiftUIX",
        "repositoryURL": "https://github.com/SwiftUIX/SwiftUIX.git",
        "state": {
          "branch": null,
          "revision": "a8800c46a18e72485c616cbfc8cebc39fe84699e",
          "version": "0.0.1"
        }
      }
    ]
  },
  "version": 1
}
