{
  "object": {
    "pins": [
      {
        "package": "Cloudinary",
        "repositoryURL": "https://github.com/cloudinary/cloudinary_ios.git",
        "state": {
          "branch": null,
          "revision": "089e2f191adcc0a9b38808396adbeaa0fab2a61d",
          "version": "2.9.0"
        }
      },
      {
        "package": "CodableFirebase",
        "repositoryURL": "https://github.com/alickbass/CodableFirebase.git",
        "state": {
          "branch": null,
          "revision": "a4cda89948db93ec21249a35ecdacab8c489a116",
          "version": "0.2.2"
        }
      },
      {
        "package": "Purchases",
        "repositoryURL": "https://github.com/RevenueCat/purchases-ios.git",
        "state": {
          "branch": null,
          "revision": "bc0e76d02984bafc7cabc1d2204145cbad575173",
          "version": "3.5.2"
        }
      },
      {
        "package": "Sentry",
        "repositoryURL": "https://github.com/getsentry/sentry-cocoa.git",
        "state": {
          "branch": null,
          "revision": "5e17bd5b580ec2d6350f72081cb1c3fca4dc5b3a",
          "version": "5.2.0"
        }
      },
      {
        "package": "SwiftUIX",
        "repositoryURL": "https://github.com/SwiftUIX/SwiftUIX.git",
        "state": {
          "branch": "master",
          "revision": "fc7185ecb55681c51971533bea0ec54d4500466d",
          "version": null
        }
      },
      {
        "package": "URLImage",
        "repositoryURL": "https://github.com/dmytro-anokhin/url-image.git",
        "state": {
          "branch": null,
          "revision": "22eca5ee4f317e0283da75426849ee23f0516022",
          "version": "0.9.19"
        }
      }
    ]
  },
  "version": 1
}
